
Microsoft Visual Studio Solution File, Format Version 12.00
# Visual Studio 14
VisualStudioVersion = 14.0.25420.1
MinimumVisualStudioVersion = 10.0.40219.1
Project("{FAE04EC0-301F-11D3-BF4B-00C04F79EFBC}") = "Trawick.Email", "Trawick.Email\Trawick.Email.csproj", "{15174706-0383-484D-B4AD-D3BE569D3A78}"
EndProject
Project("{FAE04EC0-301F-11D3-BF4B-00C04F79EFBC}") = "Trawick.Common", "..\Trawick.Common\Trawick.Common\Trawick.Common.csproj", "{24BC4FDD-24D6-45F9-9C44-BA18CDB40023}"
EndProject
Project("{FAE04EC0-301F-11D3-BF4B-00C04F79EFBC}") = "Trawick.Data", "..\Trawick.Enrollment.Data\Trawick.Data.csproj", "{274AEB51-FBEC-4F22-88F8-B27DF44C20E7}"
EndProject
Project("{FAE04EC0-301F-11D3-BF4B-00C04F79EFBC}") = "Trawick.Data.Models", "..\Trawick.Enrollment.Processor\EnrollmentProcessor\Trawick.Data.Models.csproj", "{8E8AE784-7021-4152-BC1E-EF1C6EBC0CF7}"
EndProject
Global
	GlobalSection(SolutionConfigurationPlatforms) = preSolution
		Any|Any CPU = Any|Any CPU
		Debug|Any CPU = Debug|Any CPU
		Release|Any CPU = Release|Any CPU
	EndGlobalSection
	GlobalSection(ProjectConfigurationPlatforms) = postSolution
		{15174706-0383-484D-B4AD-D3BE569D3A78}.Any|Any CPU.ActiveCfg = Release|Any CPU
		{15174706-0383-484D-B4AD-D3BE569D3A78}.Any|Any CPU.Build.0 = Release|Any CPU
		{15174706-0383-484D-B4AD-D3BE569D3A78}.Debug|Any CPU.ActiveCfg = Debug|Any CPU
		{15174706-0383-484D-B4AD-D3BE569D3A78}.Debug|Any CPU.Build.0 = Debug|Any CPU
		{15174706-0383-484D-B4AD-D3BE569D3A78}.Release|Any CPU.ActiveCfg = Release|Any CPU
		{15174706-0383-484D-B4AD-D3BE569D3A78}.Release|Any CPU.Build.0 = Release|Any CPU
		{24BC4FDD-24D6-45F9-9C44-BA18CDB40023}.Any|Any CPU.ActiveCfg = Release|Any CPU
		{24BC4FDD-24D6-45F9-9C44-BA18CDB40023}.Any|Any CPU.Build.0 = Release|Any CPU
		{24BC4FDD-24D6-45F9-9C44-BA18CDB40023}.Debug|Any CPU.ActiveCfg = Debug|Any CPU
		{24BC4FDD-24D6-45F9-9C44-BA18CDB40023}.Debug|Any CPU.Build.0 = Debug|Any CPU
		{24BC4FDD-24D6-45F9-9C44-BA18CDB40023}.Release|Any CPU.ActiveCfg = Release|Any CPU
		{24BC4FDD-24D6-45F9-9C44-BA18CDB40023}.Release|Any CPU.Build.0 = Release|Any CPU
		{274AEB51-FBEC-4F22-88F8-B27DF44C20E7}.Any|Any CPU.ActiveCfg = Any|Any CPU
		{274AEB51-FBEC-4F22-88F8-B27DF44C20E7}.Any|Any CPU.Build.0 = Any|Any CPU
		{274AEB51-FBEC-4F22-88F8-B27DF44C20E7}.Debug|Any CPU.ActiveCfg = Debug|Any CPU
		{274AEB51-FBEC-4F22-88F8-B27DF44C20E7}.Debug|Any CPU.Build.0 = Debug|Any CPU
		{274AEB51-FBEC-4F22-88F8-B27DF44C20E7}.Release|Any CPU.ActiveCfg = Release|Any CPU
		{274AEB51-FBEC-4F22-88F8-B27DF44C20E7}.Release|Any CPU.Build.0 = Release|Any CPU
		{8E8AE784-7021-4152-BC1E-EF1C6EBC0CF7}.Any|Any CPU.ActiveCfg = Any|Any CPU
		{8E8AE784-7021-4152-BC1E-EF1C6EBC0CF7}.Any|Any CPU.Build.0 = Any|Any CPU
		{8E8AE784-7021-4152-BC1E-EF1C6EBC0CF7}.Debug|Any CPU.ActiveCfg = Debug|Any CPU
		{8E8AE784-7021-4152-BC1E-EF1C6EBC0CF7}.Debug|Any CPU.Build.0 = Debug|Any CPU
		{8E8AE784-7021-4152-BC1E-EF1C6EBC0CF7}.Release|Any CPU.ActiveCfg = Release|Any CPU
		{8E8AE784-7021-4152-BC1E-EF1C6EBC0CF7}.Release|Any CPU.Build.0 = Release|Any CPU
	EndGlobalSection
	GlobalSection(SolutionProperties) = preSolution
		HideSolutionNode = FALSE
	EndGlobalSection
EndGlobal
